
Microsoft Visual Studio Solution File, Format Version 12.00
# Visual Studio Version 16
VisualStudioVersion = 16.0.31129.286
MinimumVisualStudioVersion = 10.0.40219.1
Project("{9A19103F-16F7-4668-BE54-9A1E7A4F7556}") = "TermColor", "TermColor.csproj", "{A40AF7A4-152E-47C3-ACA7-A38C4906FAF0}"
EndProject
Project("{9A19103F-16F7-4668-BE54-9A1E7A4F7556}") = "TermColorDemo", "C:\Users\Honza\source\repos\AsciiRendering\zapoctak-2021-leto\TermColor\TermColorDemo\TermColorDemo.csproj", "{60BA2E00-D31D-4491-A0AA-2402BDACC74B}"
EndProject
Project("{FAE04EC0-301F-11D3-BF4B-00C04F79EFBC}") = "TermColorTest", "TermColorTest\TermColorTest.csproj", "{DBE48D84-36EF-452D-A235-BC7AFC69BF30}"
EndProject
Global
	GlobalSection(SolutionConfigurationPlatforms) = preSolution
		Debug|Any CPU = Debug|Any CPU
		Release|Any CPU = Release|Any CPU
	EndGlobalSection
	GlobalSection(ProjectConfigurationPlatforms) = postSolution
		{A40AF7A4-152E-47C3-ACA7-A38C4906FAF0}.Debug|Any CPU.ActiveCfg = Debug|Any CPU
		{A40AF7A4-152E-47C3-ACA7-A38C4906FAF0}.Debug|Any CPU.Build.0 = Debug|Any CPU
		{A40AF7A4-152E-47C3-ACA7-A38C4906FAF0}.Release|Any CPU.ActiveCfg = Release|Any CPU
		{A40AF7A4-152E-47C3-ACA7-A38C4906FAF0}.Release|Any CPU.Build.0 = Release|Any CPU
		{60BA2E00-D31D-4491-A0AA-2402BDACC74B}.Debug|Any CPU.ActiveCfg = Debug|Any CPU
		{60BA2E00-D31D-4491-A0AA-2402BDACC74B}.Debug|Any CPU.Build.0 = Debug|Any CPU
		{60BA2E00-D31D-4491-A0AA-2402BDACC74B}.Release|Any CPU.ActiveCfg = Release|Any CPU
		{60BA2E00-D31D-4491-A0AA-2402BDACC74B}.Release|Any CPU.Build.0 = Release|Any CPU
		{DBE48D84-36EF-452D-A235-BC7AFC69BF30}.Debug|Any CPU.ActiveCfg = Debug|Any CPU
		{DBE48D84-36EF-452D-A235-BC7AFC69BF30}.Debug|Any CPU.Build.0 = Debug|Any CPU
		{DBE48D84-36EF-452D-A235-BC7AFC69BF30}.Release|Any CPU.ActiveCfg = Release|Any CPU
		{DBE48D84-36EF-452D-A235-BC7AFC69BF30}.Release|Any CPU.Build.0 = Release|Any CPU
	EndGlobalSection
	GlobalSection(SolutionProperties) = preSolution
		HideSolutionNode = FALSE
	EndGlobalSection
	GlobalSection(ExtensibilityGlobals) = postSolution
		SolutionGuid = {2840720D-C929-4329-AAF4-FF464BFFC6AB}
	EndGlobalSection
EndGlobal
